
Microsoft Visual Studio Solution File, Format Version 12.00
# Visual Studio Version 16
VisualStudioVersion = 16.0.31005.135
MinimumVisualStudioVersion = 10.0.40219.1
Project("{FAE04EC0-301F-11D3-BF4B-00C04F79EFBC}") = "GymSub", "GymSub\GymSub.csproj", "{C76F189F-7DD3-42E9-92AE-50E126FC5DCD}"
EndProject
Global
	GlobalSection(SolutionConfigurationPlatforms) = preSolution
		Debug|Any CPU = Debug|Any CPU
		Release|Any CPU = Release|Any CPU
	EndGlobalSection
	GlobalSection(ProjectConfigurationPlatforms) = postSolution
		{C76F189F-7DD3-42E9-92AE-50E126FC5DCD}.Debug|Any CPU.ActiveCfg = Debug|Any CPU
		{C76F189F-7DD3-42E9-92AE-50E126FC5DCD}.Debug|Any CPU.Build.0 = Debug|Any CPU
		{C76F189F-7DD3-42E9-92AE-50E126FC5DCD}.Release|Any CPU.ActiveCfg = Release|Any CPU
		{C76F189F-7DD3-42E9-92AE-50E126FC5DCD}.Release|Any CPU.Build.0 = Release|Any CPU
	EndGlobalSection
	GlobalSection(SolutionProperties) = preSolution
		HideSolutionNode = FALSE
	EndGlobalSection
	GlobalSection(ExtensibilityGlobals) = postSolution
		SolutionGuid = {8530C952-41EF-4D72-9127-5DFF9213F022}
	EndGlobalSection
EndGlobal
